# This file is automatically @generated by Poetry 2.0.1 and should not be changed by hand.

[[package]]
name = "microfs"
version = "1.4.5"
description = "A module and utility to work with the simple filesystem on the BBC micro:bit"
optional = false
python-versions = "*"
groups = ["main"]
files = [
    {file = "microfs-1.4.5.tar.gz", hash = "sha256:ea7e6ca5c1ed61ac4a60fa2a1552e390501f54bcf5051cdcd788a988f00b017c"},
]

[package.dependencies]
pyserial = ">=3.0.1,<4.0"

[[package]]
name = "pyserial"
version = "3.5"
description = "Python Serial Port Extension"
optional = false
python-versions = "*"
groups = ["main"]
files = [
    {file = "pyserial-3.5-py2.py3-none-any.whl", hash = "sha256:c4451db6ba391ca6ca299fb3ec7bae67a5c55dde170964c7a14ceefec02f2cf0"},
    {file = "pyserial-3.5.tar.gz", hash = "sha256:3c77e014170dfffbd816e6ffc205e9842efb10be9f58ec16d3e8675b4925cddb"},
]

[package.extras]
cp2110 = ["hidapi"]

[[package]]
name = "uflash"
version = "2.0.0"
description = "A module and utility to flash Python onto the BBC micro:bit."
optional = false
python-versions = "*"
groups = ["main"]
files = [
    {file = "uflash-2.0.0.tar.gz", hash = "sha256:f583d2264fcf37e3e358f1f3a4370ce43b24eb3fdf845a477202555235b52582"},
]

[metadata]
lock-version = "2.1"
python-versions = ">=3.13"
content-hash = "9d48df9d623b6a9e2efddb278e83647a4e18e95e9e4c81deb3606d10fd947c98"
